
Microsoft Visual Studio Solution File, Format Version 12.00
# Visual Studio Version 16
VisualStudioVersion = 16.0.30320.27
MinimumVisualStudioVersion = 10.0.40219.1
Project("{2150E333-8FDC-42A3-9474-1A3956D46DE8}") = "src", "src", "{1A973566-BB44-4C9F-B911-CD046E2A0686}"
EndProject
Project("{9A19103F-16F7-4668-BE54-9A1E7A4F7556}") = "Mijennin.BlazorDemo.QuizServerApp", "src\Mijennin.BlazorDemo.QuizServerApp\Mijennin.BlazorDemo.QuizServerApp.csproj", "{EDE84817-EA6C-48AB-BEF3-5427CC63578F}"
EndProject
Project("{9A19103F-16F7-4668-BE54-9A1E7A4F7556}") = "Mijennin.BlazorDemo.QuizCommon", "src\Mijennin.BlazorDemo.QuizCommon\Mijennin.BlazorDemo.QuizCommon.csproj", "{682F67DA-635A-4761-A355-AF743B314C63}"
EndProject
Global
	GlobalSection(SolutionConfigurationPlatforms) = preSolution
		Debug|Any CPU = Debug|Any CPU
		Release|Any CPU = Release|Any CPU
	EndGlobalSection
	GlobalSection(ProjectConfigurationPlatforms) = postSolution
		{EDE84817-EA6C-48AB-BEF3-5427CC63578F}.Debug|Any CPU.ActiveCfg = Debug|Any CPU
		{EDE84817-EA6C-48AB-BEF3-5427CC63578F}.Debug|Any CPU.Build.0 = Debug|Any CPU
		{EDE84817-EA6C-48AB-BEF3-5427CC63578F}.Release|Any CPU.ActiveCfg = Release|Any CPU
		{EDE84817-EA6C-48AB-BEF3-5427CC63578F}.Release|Any CPU.Build.0 = Release|Any CPU
		{682F67DA-635A-4761-A355-AF743B314C63}.Debug|Any CPU.ActiveCfg = Debug|Any CPU
		{682F67DA-635A-4761-A355-AF743B314C63}.Debug|Any CPU.Build.0 = Debug|Any CPU
		{682F67DA-635A-4761-A355-AF743B314C63}.Release|Any CPU.ActiveCfg = Release|Any CPU
		{682F67DA-635A-4761-A355-AF743B314C63}.Release|Any CPU.Build.0 = Release|Any CPU
	EndGlobalSection
	GlobalSection(SolutionProperties) = preSolution
		HideSolutionNode = FALSE
	EndGlobalSection
	GlobalSection(NestedProjects) = preSolution
		{EDE84817-EA6C-48AB-BEF3-5427CC63578F} = {1A973566-BB44-4C9F-B911-CD046E2A0686}
		{682F67DA-635A-4761-A355-AF743B314C63} = {1A973566-BB44-4C9F-B911-CD046E2A0686}
	EndGlobalSection
	GlobalSection(ExtensibilityGlobals) = postSolution
		SolutionGuid = {CAC9973B-69B5-437B-90E4-629C9D5CB80D}
	EndGlobalSection
EndGlobal
